
Microsoft Visual Studio Solution File, Format Version 12.00
# Visual Studio Version 17
VisualStudioVersion = 17.9.34622.214
MinimumVisualStudioVersion = 10.0.40219.1
Project("{9A19103F-16F7-4668-BE54-9A1E7A4F7556}") = "TechTest.Api", "src\TechTest.Api\TechTest.Api.csproj", "{2B993165-7049-4143-BD19-AA1996809F72}"
EndProject
Project("{9A19103F-16F7-4668-BE54-9A1E7A4F7556}") = "TechTest.Business", "src\TechTest.Business\TechTest.Business.csproj", "{33A59BFD-6115-4374-A2FD-49086607BB35}"
EndProject
Project("{9A19103F-16F7-4668-BE54-9A1E7A4F7556}") = "TechTest.Data", "src\TechTest.Data\TechTest.Data.csproj", "{97C8AEBE-4B54-481E-8A6A-BFB9AF751A18}"
EndProject
Project("{2150E333-8FDC-42A3-9474-1A3956D46DE8}") = "Tests", "Tests", "{E90A860F-CFF6-4ACF-805E-307575FA5C7D}"
EndProject
Project("{9A19103F-16F7-4668-BE54-9A1E7A4F7556}") = "TechTest.Api.Tests", "tests\TechTest.Api.Tests\TechTest.Api.Tests.csproj", "{7A947C18-4639-44C0-A261-5F4DF794E349}"
EndProject
Project("{9A19103F-16F7-4668-BE54-9A1E7A4F7556}") = "TechTest.Business.Tests", "tests\TechTest.Business.Tests\TechTest.Business.Tests.csproj", "{0A14CC3D-F8BD-4D6B-B30F-ADB6D9C9CEDC}"
EndProject
Project("{9A19103F-16F7-4668-BE54-9A1E7A4F7556}") = "TechTest.Data.Tests", "tests\TechTest.Data.Tests\TechTest.Data.Tests.csproj", "{4A2B27BE-04A7-473E-81A1-E72E1A78437E}"
EndProject
Global
	GlobalSection(SolutionConfigurationPlatforms) = preSolution
		Debug|Any CPU = Debug|Any CPU
		Release|Any CPU = Release|Any CPU
	EndGlobalSection
	GlobalSection(ProjectConfigurationPlatforms) = postSolution
		{2B993165-7049-4143-BD19-AA1996809F72}.Debug|Any CPU.ActiveCfg = Debug|Any CPU
		{2B993165-7049-4143-BD19-AA1996809F72}.Debug|Any CPU.Build.0 = Debug|Any CPU
		{2B993165-7049-4143-BD19-AA1996809F72}.Release|Any CPU.ActiveCfg = Release|Any CPU
		{2B993165-7049-4143-BD19-AA1996809F72}.Release|Any CPU.Build.0 = Release|Any CPU
		{33A59BFD-6115-4374-A2FD-49086607BB35}.Debug|Any CPU.ActiveCfg = Debug|Any CPU
		{33A59BFD-6115-4374-A2FD-49086607BB35}.Debug|Any CPU.Build.0 = Debug|Any CPU
		{33A59BFD-6115-4374-A2FD-49086607BB35}.Release|Any CPU.ActiveCfg = Release|Any CPU
		{33A59BFD-6115-4374-A2FD-49086607BB35}.Release|Any CPU.Build.0 = Release|Any CPU
		{97C8AEBE-4B54-481E-8A6A-BFB9AF751A18}.Debug|Any CPU.ActiveCfg = Debug|Any CPU
		{97C8AEBE-4B54-481E-8A6A-BFB9AF751A18}.Debug|Any CPU.Build.0 = Debug|Any CPU
		{97C8AEBE-4B54-481E-8A6A-BFB9AF751A18}.Release|Any CPU.ActiveCfg = Release|Any CPU
		{97C8AEBE-4B54-481E-8A6A-BFB9AF751A18}.Release|Any CPU.Build.0 = Release|Any CPU
		{7A947C18-4639-44C0-A261-5F4DF794E349}.Debug|Any CPU.ActiveCfg = Debug|Any CPU
		{7A947C18-4639-44C0-A261-5F4DF794E349}.Debug|Any CPU.Build.0 = Debug|Any CPU
		{7A947C18-4639-44C0-A261-5F4DF794E349}.Release|Any CPU.ActiveCfg = Release|Any CPU
		{7A947C18-4639-44C0-A261-5F4DF794E349}.Release|Any CPU.Build.0 = Release|Any CPU
		{0A14CC3D-F8BD-4D6B-B30F-ADB6D9C9CEDC}.Debug|Any CPU.ActiveCfg = Debug|Any CPU
		{0A14CC3D-F8BD-4D6B-B30F-ADB6D9C9CEDC}.Debug|Any CPU.Build.0 = Debug|Any CPU
		{0A14CC3D-F8BD-4D6B-B30F-ADB6D9C9CEDC}.Release|Any CPU.ActiveCfg = Release|Any CPU
		{0A14CC3D-F8BD-4D6B-B30F-ADB6D9C9CEDC}.Release|Any CPU.Build.0 = Release|Any CPU
		{4A2B27BE-04A7-473E-81A1-E72E1A78437E}.Debug|Any CPU.ActiveCfg = Debug|Any CPU
		{4A2B27BE-04A7-473E-81A1-E72E1A78437E}.Debug|Any CPU.Build.0 = Debug|Any CPU
		{4A2B27BE-04A7-473E-81A1-E72E1A78437E}.Release|Any CPU.ActiveCfg = Release|Any CPU
		{4A2B27BE-04A7-473E-81A1-E72E1A78437E}.Release|Any CPU.Build.0 = Release|Any CPU
	EndGlobalSection
	GlobalSection(SolutionProperties) = preSolution
		HideSolutionNode = FALSE
	EndGlobalSection
	GlobalSection(NestedProjects) = preSolution
		{7A947C18-4639-44C0-A261-5F4DF794E349} = {E90A860F-CFF6-4ACF-805E-307575FA5C7D}
		{0A14CC3D-F8BD-4D6B-B30F-ADB6D9C9CEDC} = {E90A860F-CFF6-4ACF-805E-307575FA5C7D}
		{4A2B27BE-04A7-473E-81A1-E72E1A78437E} = {E90A860F-CFF6-4ACF-805E-307575FA5C7D}
	EndGlobalSection
	GlobalSection(ExtensibilityGlobals) = postSolution
		SolutionGuid = {58CBAF4E-1A9B-4F02-9693-CBC55E897CDD}
	EndGlobalSection
EndGlobal
