
Microsoft Visual Studio Solution File, Format Version 12.00
# Visual Studio Version 17
VisualStudioVersion = 17.9.34622.214
MinimumVisualStudioVersion = 10.0.40219.1
Project("{9A19103F-16F7-4668-BE54-9A1E7A4F7556}") = "TechTest.Api", "src\TechTest.Api\TechTest.Api.csproj", "{2B993165-7049-4143-BD19-AA1996809F72}"
EndProject
Project("{9A19103F-16F7-4668-BE54-9A1E7A4F7556}") = "TechTest.Business", "src\TechTest.Business\TechTest.Business.csproj", "{33A59BFD-6115-4374-A2FD-49086607BB35}"
EndProject
Project("{9A19103F-16F7-4668-BE54-9A1E7A4F7556}") = "TechTest.Data", "src\TechTest.Data\TechTest.Data.csproj", "{97C8AEBE-4B54-481E-8A6A-BFB9AF751A18}"
EndProject
Project("{2150E333-8FDC-42A3-9474-1A3956D46DE8}") = "Tests", "Tests", "{E90A860F-CFF6-4ACF-805E-307575FA5C7D}"
EndProject
Project("{9A19103F-16F7-4668-BE54-9A1E7A4F7556}") = "TechTest.Business.Tests", "tests\UnitTests\TechTest.Business.Tests\TechTest.Business.Tests.csproj", "{A465E57F-B649-4976-A14F-9ECF6CB188DA}"
EndProject
Project("{9A19103F-16F7-4668-BE54-9A1E7A4F7556}") = "TechTest.Data.Tests", "tests\UnitTests\TechTest.Data.Tests\TechTest.Data.Tests.csproj", "{16096659-3541-4DF0-A3C2-DB612C8B921A}"
EndProject
Project("{9A19103F-16F7-4668-BE54-9A1E7A4F7556}") = "TechTest.Api.IntegrationTests", "tests\IntegrationTests\TechTest.Api.IntegrationTests\TechTest.Api.IntegrationTests.csproj", "{0A0AE77E-9D9F-4817-846D-7500BF7502C5}"
EndProject
Project("{9A19103F-16F7-4668-BE54-9A1E7A4F7556}") = "TechTest.Api.Tests", "tests\UnitTests\TechTest.Api.Tests\TechTest.Api.Tests.csproj", "{BF2C52C6-EFCD-4B7C-8926-68D8C097961D}"
EndProject
Global
	GlobalSection(SolutionConfigurationPlatforms) = preSolution
		Debug|Any CPU = Debug|Any CPU
		Release|Any CPU = Release|Any CPU
	EndGlobalSection
	GlobalSection(ProjectConfigurationPlatforms) = postSolution
		{2B993165-7049-4143-BD19-AA1996809F72}.Debug|Any CPU.ActiveCfg = Debug|Any CPU
		{2B993165-7049-4143-BD19-AA1996809F72}.Debug|Any CPU.Build.0 = Debug|Any CPU
		{2B993165-7049-4143-BD19-AA1996809F72}.Release|Any CPU.ActiveCfg = Release|Any CPU
		{2B993165-7049-4143-BD19-AA1996809F72}.Release|Any CPU.Build.0 = Release|Any CPU
		{33A59BFD-6115-4374-A2FD-49086607BB35}.Debug|Any CPU.ActiveCfg = Debug|Any CPU
		{33A59BFD-6115-4374-A2FD-49086607BB35}.Debug|Any CPU.Build.0 = Debug|Any CPU
		{33A59BFD-6115-4374-A2FD-49086607BB35}.Release|Any CPU.ActiveCfg = Release|Any CPU
		{33A59BFD-6115-4374-A2FD-49086607BB35}.Release|Any CPU.Build.0 = Release|Any CPU
		{97C8AEBE-4B54-481E-8A6A-BFB9AF751A18}.Debug|Any CPU.ActiveCfg = Debug|Any CPU
		{97C8AEBE-4B54-481E-8A6A-BFB9AF751A18}.Debug|Any CPU.Build.0 = Debug|Any CPU
		{97C8AEBE-4B54-481E-8A6A-BFB9AF751A18}.Release|Any CPU.ActiveCfg = Release|Any CPU
		{97C8AEBE-4B54-481E-8A6A-BFB9AF751A18}.Release|Any CPU.Build.0 = Release|Any CPU
		{A465E57F-B649-4976-A14F-9ECF6CB188DA}.Debug|Any CPU.ActiveCfg = Debug|Any CPU
		{A465E57F-B649-4976-A14F-9ECF6CB188DA}.Debug|Any CPU.Build.0 = Debug|Any CPU
		{A465E57F-B649-4976-A14F-9ECF6CB188DA}.Release|Any CPU.ActiveCfg = Release|Any CPU
		{A465E57F-B649-4976-A14F-9ECF6CB188DA}.Release|Any CPU.Build.0 = Release|Any CPU
		{16096659-3541-4DF0-A3C2-DB612C8B921A}.Debug|Any CPU.ActiveCfg = Debug|Any CPU
		{16096659-3541-4DF0-A3C2-DB612C8B921A}.Debug|Any CPU.Build.0 = Debug|Any CPU
		{16096659-3541-4DF0-A3C2-DB612C8B921A}.Release|Any CPU.ActiveCfg = Release|Any CPU
		{16096659-3541-4DF0-A3C2-DB612C8B921A}.Release|Any CPU.Build.0 = Release|Any CPU
		{0A0AE77E-9D9F-4817-846D-7500BF7502C5}.Debug|Any CPU.ActiveCfg = Debug|Any CPU
		{0A0AE77E-9D9F-4817-846D-7500BF7502C5}.Debug|Any CPU.Build.0 = Debug|Any CPU
		{0A0AE77E-9D9F-4817-846D-7500BF7502C5}.Release|Any CPU.ActiveCfg = Release|Any CPU
		{0A0AE77E-9D9F-4817-846D-7500BF7502C5}.Release|Any CPU.Build.0 = Release|Any CPU
		{BF2C52C6-EFCD-4B7C-8926-68D8C097961D}.Debug|Any CPU.ActiveCfg = Debug|Any CPU
		{BF2C52C6-EFCD-4B7C-8926-68D8C097961D}.Debug|Any CPU.Build.0 = Debug|Any CPU
		{BF2C52C6-EFCD-4B7C-8926-68D8C097961D}.Release|Any CPU.ActiveCfg = Release|Any CPU
		{BF2C52C6-EFCD-4B7C-8926-68D8C097961D}.Release|Any CPU.Build.0 = Release|Any CPU
	EndGlobalSection
	GlobalSection(SolutionProperties) = preSolution
		HideSolutionNode = FALSE
	EndGlobalSection
	GlobalSection(NestedProjects) = preSolution
		{A465E57F-B649-4976-A14F-9ECF6CB188DA} = {E90A860F-CFF6-4ACF-805E-307575FA5C7D}
		{16096659-3541-4DF0-A3C2-DB612C8B921A} = {E90A860F-CFF6-4ACF-805E-307575FA5C7D}
		{0A0AE77E-9D9F-4817-846D-7500BF7502C5} = {E90A860F-CFF6-4ACF-805E-307575FA5C7D}
		{BF2C52C6-EFCD-4B7C-8926-68D8C097961D} = {E90A860F-CFF6-4ACF-805E-307575FA5C7D}
	EndGlobalSection
	GlobalSection(ExtensibilityGlobals) = postSolution
		SolutionGuid = {58CBAF4E-1A9B-4F02-9693-CBC55E897CDD}
	EndGlobalSection
EndGlobal
